// !$*UTF8*$!
{
	archiveVersion = 1;
	classes = {
	};
	objectVersion = 46;
	objects = {

/* Begin PBXBuildFile section */
		075634CA147CA4790090BFE9 /* ConfigurationView.xib in Resources */ = {isa = PBXBuildFile; fileRef = 075634C7147CA4790090BFE9 /* ConfigurationView.xib */; };
		075634CB147CA4790090BFE9 /* ConfigurationViewController.m in Sources */ = {isa = PBXBuildFile; fileRef = 075634C9147CA4790090BFE9 /* ConfigurationViewController.m */; };
		075634CF147CA48E0090BFE9 /* MIMView.xib in Resources */ = {isa = PBXBuildFile; fileRef = 075634CC147CA48E0090BFE9 /* MIMView.xib */; };
		075634D0147CA48E0090BFE9 /* MIMViewController.m in Sources */ = {isa = PBXBuildFile; fileRef = 075634CE147CA48E0090BFE9 /* MIMViewController.m */; };
		075634D4147CA49B0090BFE9 /* SpotView.xib in Resources */ = {isa = PBXBuildFile; fileRef = 075634D1147CA49B0090BFE9 /* SpotView.xib */; };
		075634D5147CA49B0090BFE9 /* SpotViewController.m in Sources */ = {isa = PBXBuildFile; fileRef = 075634D3147CA49B0090BFE9 /* SpotViewController.m */; };
		075634DA147CA4D40090BFE9 /* DungaMember.m in Sources */ = {isa = PBXBuildFile; fileRef = 075634D7147CA4D40090BFE9 /* DungaMember.m */; };
		075634DB147CA4D40090BFE9 /* HttpConnection.m in Sources */ = {isa = PBXBuildFile; fileRef = 075634D9147CA4D40090BFE9 /* HttpConnection.m */; };
		075634E2147CA4DE0090BFE9 /* ArrayExtention.m in Sources */ = {isa = PBXBuildFile; fileRef = 075634DD147CA4DE0090BFE9 /* ArrayExtention.m */; };
		075634E3147CA4DE0090BFE9 /* DictionaryExtention.m in Sources */ = {isa = PBXBuildFile; fileRef = 075634DF147CA4DE0090BFE9 /* DictionaryExtention.m */; };
		075634E4147CA4DE0090BFE9 /* EncryptExtention.m in Sources */ = {isa = PBXBuildFile; fileRef = 075634E1147CA4DE0090BFE9 /* EncryptExtention.m */; };
		075634E8147CA4E80090BFE9 /* MapView.xib in Resources */ = {isa = PBXBuildFile; fileRef = 075634E5147CA4E80090BFE9 /* MapView.xib */; };
		075634E9147CA4E80090BFE9 /* MapViewController.m in Sources */ = {isa = PBXBuildFile; fileRef = 075634E7147CA4E80090BFE9 /* MapViewController.m */; };
		079C6B041392040200528E69 /* UIKit.framework in Frameworks */ = {isa = PBXBuildFile; fileRef = 079C6B031392040200528E69 /* UIKit.framework */; };
		079C6B061392040200528E69 /* Foundation.framework in Frameworks */ = {isa = PBXBuildFile; fileRef = 079C6B051392040200528E69 /* Foundation.framework */; };
		079C6B081392040200528E69 /* CoreGraphics.framework in Frameworks */ = {isa = PBXBuildFile; fileRef = 079C6B071392040200528E69 /* CoreGraphics.framework */; };
		079C6B0E1392040200528E69 /* InfoPlist.strings in Resources */ = {isa = PBXBuildFile; fileRef = 079C6B0C1392040200528E69 /* InfoPlist.strings */; };
		079C6B111392040200528E69 /* main.m in Sources */ = {isa = PBXBuildFile; fileRef = 079C6B101392040200528E69 /* main.m */; };
		079C6B141392040200528E69 /* DungaRadarAppDelegate.m in Sources */ = {isa = PBXBuildFile; fileRef = 079C6B131392040200528E69 /* DungaRadarAppDelegate.m */; };
		079C6B171392040200528E69 /* MainWindow.xib in Resources */ = {isa = PBXBuildFile; fileRef = 079C6B151392040200528E69 /* MainWindow.xib */; };
		07AE416D139211CA0087D526 /* MapKit.framework in Frameworks */ = {isa = PBXBuildFile; fileRef = 07AE416C139211CA0087D526 /* MapKit.framework */; };
		07AE416F1392132D0087D526 /* CoreLocation.framework in Frameworks */ = {isa = PBXBuildFile; fileRef = 07AE416E1392132C0087D526 /* CoreLocation.framework */; };
/* End PBXBuildFile section */

/* Begin PBXFileReference section */
		075634C7147CA4790090BFE9 /* ConfigurationView.xib */ = {isa = PBXFileReference; fileEncoding = 4; lastKnownFileType = file.xib; name = ConfigurationView.xib; path = configurations/ConfigurationView.xib; sourceTree = "<group>"; };
		075634C8147CA4790090BFE9 /* ConfigurationViewController.h */ = {isa = PBXFileReference; fileEncoding = 4; lastKnownFileType = sourcecode.c.h; name = ConfigurationViewController.h; path = configurations/ConfigurationViewController.h; sourceTree = "<group>"; };
		075634C9147CA4790090BFE9 /* ConfigurationViewController.m */ = {isa = PBXFileReference; fileEncoding = 4; lastKnownFileType = sourcecode.c.objc; name = ConfigurationViewController.m; path = configurations/ConfigurationViewController.m; sourceTree = "<group>"; };
		075634CC147CA48E0090BFE9 /* MIMView.xib */ = {isa = PBXFileReference; fileEncoding = 4; lastKnownFileType = file.xib; name = MIMView.xib; path = MIM/MIMView.xib; sourceTree = "<group>"; };
		075634CD147CA48E0090BFE9 /* MIMViewController.h */ = {isa = PBXFileReference; fileEncoding = 4; lastKnownFileType = sourcecode.c.h; name = MIMViewController.h; path = MIM/MIMViewController.h; sourceTree = "<group>"; };
		075634CE147CA48E0090BFE9 /* MIMViewController.m */ = {isa = PBXFileReference; fileEncoding = 4; lastKnownFileType = sourcecode.c.objc; name = MIMViewController.m; path = MIM/MIMViewController.m; sourceTree = "<group>"; };
		075634D1147CA49B0090BFE9 /* SpotView.xib */ = {isa = PBXFileReference; fileEncoding = 4; lastKnownFileType = file.xib; name = SpotView.xib; path = spots/SpotView.xib; sourceTree = "<group>"; };
		075634D2147CA49B0090BFE9 /* SpotViewController.h */ = {isa = PBXFileReference; fileEncoding = 4; lastKnownFileType = sourcecode.c.h; name = SpotViewController.h; path = spots/SpotViewController.h; sourceTree = "<group>"; };
		075634D3147CA49B0090BFE9 /* SpotViewController.m */ = {isa = PBXFileReference; fileEncoding = 4; lastKnownFileType = sourcecode.c.objc; name = SpotViewController.m; path = spots/SpotViewController.m; sourceTree = "<group>"; };
		075634D6147CA4D40090BFE9 /* DungaMember.h */ = {isa = PBXFileReference; fileEncoding = 4; lastKnownFileType = sourcecode.c.h; name = DungaMember.h; path = models/DungaMember.h; sourceTree = "<group>"; };
		075634D7147CA4D40090BFE9 /* DungaMember.m */ = {isa = PBXFileReference; fileEncoding = 4; lastKnownFileType = sourcecode.c.objc; name = DungaMember.m; path = models/DungaMember.m; sourceTree = "<group>"; };
		075634D8147CA4D40090BFE9 /* HttpConnection.h */ = {isa = PBXFileReference; fileEncoding = 4; lastKnownFileType = sourcecode.c.h; name = HttpConnection.h; path = models/HttpConnection.h; sourceTree = "<group>"; };
		075634D9147CA4D40090BFE9 /* HttpConnection.m */ = {isa = PBXFileReference; fileEncoding = 4; lastKnownFileType = sourcecode.c.objc; name = HttpConnection.m; path = models/HttpConnection.m; sourceTree = "<group>"; };
		075634DC147CA4DE0090BFE9 /* ArrayExtention.h */ = {isa = PBXFileReference; fileEncoding = 4; lastKnownFileType = sourcecode.c.h; name = ArrayExtention.h; path = utils/ArrayExtention.h; sourceTree = "<group>"; };
		075634DD147CA4DE0090BFE9 /* ArrayExtention.m */ = {isa = PBXFileReference; fileEncoding = 4; lastKnownFileType = sourcecode.c.objc; name = ArrayExtention.m; path = utils/ArrayExtention.m; sourceTree = "<group>"; };
		075634DE147CA4DE0090BFE9 /* DictionaryExtention.h */ = {isa = PBXFileReference; fileEncoding = 4; lastKnownFileType = sourcecode.c.h; name = DictionaryExtention.h; path = utils/DictionaryExtention.h; sourceTree = "<group>"; };
		075634DF147CA4DE0090BFE9 /* DictionaryExtention.m */ = {isa = PBXFileReference; fileEncoding = 4; lastKnownFileType = sourcecode.c.objc; name = DictionaryExtention.m; path = utils/DictionaryExtention.m; sourceTree = "<group>"; };
		075634E0147CA4DE0090BFE9 /* EncryptExtention.h */ = {isa = PBXFileReference; fileEncoding = 4; lastKnownFileType = sourcecode.c.h; name = EncryptExtention.h; path = utils/EncryptExtention.h; sourceTree = "<group>"; };
		075634E1147CA4DE0090BFE9 /* EncryptExtention.m */ = {isa = PBXFileReference; fileEncoding = 4; lastKnownFileType = sourcecode.c.objc; name = EncryptExtention.m; path = utils/EncryptExtention.m; sourceTree = "<group>"; };
		075634E5147CA4E80090BFE9 /* MapView.xib */ = {isa = PBXFileReference; fileEncoding = 4; lastKnownFileType = file.xib; name = MapView.xib; path = maps/MapView.xib; sourceTree = "<group>"; };
		075634E6147CA4E80090BFE9 /* MapViewController.h */ = {isa = PBXFileReference; fileEncoding = 4; lastKnownFileType = sourcecode.c.h; name = MapViewController.h; path = maps/MapViewController.h; sourceTree = "<group>"; };
		075634E7147CA4E80090BFE9 /* MapViewController.m */ = {isa = PBXFileReference; fileEncoding = 4; lastKnownFileType = sourcecode.c.objc; name = MapViewController.m; path = maps/MapViewController.m; sourceTree = "<group>"; };
		079C6AFF1392040200528E69 /* DungaRadar.app */ = {isa = PBXFileReference; explicitFileType = wrapper.application; includeInIndex = 0; path = DungaRadar.app; sourceTree = BUILT_PRODUCTS_DIR; };
		079C6B031392040200528E69 /* UIKit.framework */ = {isa = PBXFileReference; lastKnownFileType = wrapper.framework; name = UIKit.framework; path = System/Library/Frameworks/UIKit.framework; sourceTree = SDKROOT; };
		079C6B051392040200528E69 /* Foundation.framework */ = {isa = PBXFileReference; lastKnownFileType = wrapper.framework; name = Foundation.framework; path = System/Library/Frameworks/Foundation.framework; sourceTree = SDKROOT; };
		079C6B071392040200528E69 /* CoreGraphics.framework */ = {isa = PBXFileReference; lastKnownFileType = wrapper.framework; name = CoreGraphics.framework; path = System/Library/Frameworks/CoreGraphics.framework; sourceTree = SDKROOT; };
		079C6B0B1392040200528E69 /* DungaRadar-Info.plist */ = {isa = PBXFileReference; lastKnownFileType = text.plist.xml; path = "DungaRadar-Info.plist"; sourceTree = "<group>"; };
		079C6B0D1392040200528E69 /* en */ = {isa = PBXFileReference; lastKnownFileType = text.plist.strings; name = en; path = en.lproj/InfoPlist.strings; sourceTree = "<group>"; };
		079C6B0F1392040200528E69 /* DungaRadar-Prefix.pch */ = {isa = PBXFileReference; lastKnownFileType = sourcecode.c.h; path = "DungaRadar-Prefix.pch"; sourceTree = "<group>"; };
		079C6B101392040200528E69 /* main.m */ = {isa = PBXFileReference; lastKnownFileType = sourcecode.c.objc; path = main.m; sourceTree = "<group>"; };
		079C6B121392040200528E69 /* DungaRadarAppDelegate.h */ = {isa = PBXFileReference; lastKnownFileType = sourcecode.c.h; path = DungaRadarAppDelegate.h; sourceTree = "<group>"; };
		079C6B131392040200528E69 /* DungaRadarAppDelegate.m */ = {isa = PBXFileReference; lastKnownFileType = sourcecode.c.objc; path = DungaRadarAppDelegate.m; sourceTree = "<group>"; };
		079C6B161392040200528E69 /* en */ = {isa = PBXFileReference; lastKnownFileType = file.xib; name = en; path = en.lproj/MainWindow.xib; sourceTree = "<group>"; };
		07AE416C139211CA0087D526 /* MapKit.framework */ = {isa = PBXFileReference; lastKnownFileType = wrapper.framework; name = MapKit.framework; path = System/Library/Frameworks/MapKit.framework; sourceTree = SDKROOT; };
		07AE416E1392132C0087D526 /* CoreLocation.framework */ = {isa = PBXFileReference; lastKnownFileType = wrapper.framework; name = CoreLocation.framework; path = System/Library/Frameworks/CoreLocation.framework; sourceTree = SDKROOT; };
/* End PBXFileReference section */

/* Begin PBXFrameworksBuildPhase section */
		079C6AFC1392040200528E69 /* Frameworks */ = {
			isa = PBXFrameworksBuildPhase;
			buildActionMask = 2147483647;
			files = (
				07AE416F1392132D0087D526 /* CoreLocation.framework in Frameworks */,
				07AE416D139211CA0087D526 /* MapKit.framework in Frameworks */,
				079C6B041392040200528E69 /* UIKit.framework in Frameworks */,
				079C6B061392040200528E69 /* Foundation.framework in Frameworks */,
				079C6B081392040200528E69 /* CoreGraphics.framework in Frameworks */,
			);
			runOnlyForDeploymentPostprocessing = 0;
		};
/* End PBXFrameworksBuildPhase section */

/* Begin PBXGroup section */
		0757020F13C951C3009119A3 /* configurations */ = {
			isa = PBXGroup;
			children = (
				075634C7147CA4790090BFE9 /* ConfigurationView.xib */,
				075634C8147CA4790090BFE9 /* ConfigurationViewController.h */,
				075634C9147CA4790090BFE9 /* ConfigurationViewController.m */,
			);
			name = configurations;
			sourceTree = "<group>";
		};
		0757021013C951D1009119A3 /* MIM */ = {
			isa = PBXGroup;
			children = (
				075634CC147CA48E0090BFE9 /* MIMView.xib */,
				075634CD147CA48E0090BFE9 /* MIMViewController.h */,
				075634CE147CA48E0090BFE9 /* MIMViewController.m */,
			);
			name = MIM;
			sourceTree = "<group>";
		};
		0757021113C951E0009119A3 /* spots */ = {
			isa = PBXGroup;
			children = (
				075634D1147CA49B0090BFE9 /* SpotView.xib */,
				075634D2147CA49B0090BFE9 /* SpotViewController.h */,
				075634D3147CA49B0090BFE9 /* SpotViewController.m */,
			);
			name = spots;
			sourceTree = "<group>";
		};
		0757021213C95270009119A3 /* models */ = {
			isa = PBXGroup;
			children = (
				075634D6147CA4D40090BFE9 /* DungaMember.h */,
				075634D7147CA4D40090BFE9 /* DungaMember.m */,
				075634D8147CA4D40090BFE9 /* HttpConnection.h */,
				075634D9147CA4D40090BFE9 /* HttpConnection.m */,
			);
			name = models;
			sourceTree = "<group>";
		};
		0757021313C95281009119A3 /* utils */ = {
			isa = PBXGroup;
			children = (
				075634DC147CA4DE0090BFE9 /* ArrayExtention.h */,
				075634DD147CA4DE0090BFE9 /* ArrayExtention.m */,
				075634DE147CA4DE0090BFE9 /* DictionaryExtention.h */,
				075634DF147CA4DE0090BFE9 /* DictionaryExtention.m */,
				075634E0147CA4DE0090BFE9 /* EncryptExtention.h */,
				075634E1147CA4DE0090BFE9 /* EncryptExtention.m */,
			);
			name = utils;
			sourceTree = "<group>";
		};
		0757021413C95297009119A3 /* maps */ = {
			isa = PBXGroup;
			children = (
				075634E5147CA4E80090BFE9 /* MapView.xib */,
				075634E6147CA4E80090BFE9 /* MapViewController.h */,
				075634E7147CA4E80090BFE9 /* MapViewController.m */,
			);
			name = maps;
			sourceTree = "<group>";
		};
		079C6AF41392040100528E69 = {
			isa = PBXGroup;
			children = (
				079C6B091392040200528E69 /* DungaRadar */,
				079C6B021392040200528E69 /* Frameworks */,
				079C6B001392040200528E69 /* Products */,
			);
			sourceTree = "<group>";
		};
		079C6B001392040200528E69 /* Products */ = {
			isa = PBXGroup;
			children = (
				079C6AFF1392040200528E69 /* DungaRadar.app */,
			);
			name = Products;
			sourceTree = "<group>";
		};
		079C6B021392040200528E69 /* Frameworks */ = {
			isa = PBXGroup;
			children = (
				07AE416E1392132C0087D526 /* CoreLocation.framework */,
				07AE416C139211CA0087D526 /* MapKit.framework */,
				079C6B031392040200528E69 /* UIKit.framework */,
				079C6B051392040200528E69 /* Foundation.framework */,
				079C6B071392040200528E69 /* CoreGraphics.framework */,
			);
			name = Frameworks;
			sourceTree = "<group>";
		};
		079C6B091392040200528E69 /* DungaRadar */ = {
			isa = PBXGroup;
			children = (
				0757021413C95297009119A3 /* maps */,
				0757021313C95281009119A3 /* utils */,
				0757021213C95270009119A3 /* models */,
				0757021113C951E0009119A3 /* spots */,
				0757021013C951D1009119A3 /* MIM */,
				0757020F13C951C3009119A3 /* configurations */,
				079C6B121392040200528E69 /* DungaRadarAppDelegate.h */,
				079C6B131392040200528E69 /* DungaRadarAppDelegate.m */,
				079C6B151392040200528E69 /* MainWindow.xib */,
				079C6B0A1392040200528E69 /* Supporting Files */,
			);
			path = DungaRadar;
			sourceTree = "<group>";
		};
		079C6B0A1392040200528E69 /* Supporting Files */ = {
			isa = PBXGroup;
			children = (
				079C6B0B1392040200528E69 /* DungaRadar-Info.plist */,
				079C6B0C1392040200528E69 /* InfoPlist.strings */,
				079C6B0F1392040200528E69 /* DungaRadar-Prefix.pch */,
				079C6B101392040200528E69 /* main.m */,
			);
			name = "Supporting Files";
			sourceTree = "<group>";
		};
/* End PBXGroup section */

/* Begin PBXNativeTarget section */
		079C6AFE1392040200528E69 /* DungaRadar */ = {
			isa = PBXNativeTarget;
			buildConfigurationList = 079C6B261392040200528E69 /* Build configuration list for PBXNativeTarget "DungaRadar" */;
			buildPhases = (
				079C6AFB1392040200528E69 /* Sources */,
				079C6AFC1392040200528E69 /* Frameworks */,
				079C6AFD1392040200528E69 /* Resources */,
			);
			buildRules = (
			);
			dependencies = (
			);
			name = DungaRadar;
			productName = DungaRadar;
			productReference = 079C6AFF1392040200528E69 /* DungaRadar.app */;
			productType = "com.apple.product-type.application";
		};
/* End PBXNativeTarget section */

/* Begin PBXProject section */
		079C6AF61392040100528E69 /* Project object */ = {
			isa = PBXProject;
			attributes = {
				ORGANIZATIONNAME = Kawaz;
			};
			buildConfigurationList = 079C6AF91392040100528E69 /* Build configuration list for PBXProject "DungaRadar" */;
			compatibilityVersion = "Xcode 3.2";
			developmentRegion = English;
			hasScannedForEncodings = 0;
			knownRegions = (
				en,
			);
			mainGroup = 079C6AF41392040100528E69;
			productRefGroup = 079C6B001392040200528E69 /* Products */;
			projectDirPath = "";
			projectRoot = "";
			targets = (
				079C6AFE1392040200528E69 /* DungaRadar */,
			);
		};
/* End PBXProject section */

/* Begin PBXResourcesBuildPhase section */
		079C6AFD1392040200528E69 /* Resources */ = {
			isa = PBXResourcesBuildPhase;
			buildActionMask = 2147483647;
			files = (
				079C6B0E1392040200528E69 /* InfoPlist.strings in Resources */,
				079C6B171392040200528E69 /* MainWindow.xib in Resources */,
				075634CA147CA4790090BFE9 /* ConfigurationView.xib in Resources */,
				075634CF147CA48E0090BFE9 /* MIMView.xib in Resources */,
				075634D4147CA49B0090BFE9 /* SpotView.xib in Resources */,
				075634E8147CA4E80090BFE9 /* MapView.xib in Resources */,
			);
			runOnlyForDeploymentPostprocessing = 0;
		};
/* End PBXResourcesBuildPhase section */

/* Begin PBXSourcesBuildPhase section */
		079C6AFB1392040200528E69 /* Sources */ = {
			isa = PBXSourcesBuildPhase;
			buildActionMask = 2147483647;
			files = (
				079C6B111392040200528E69 /* main.m in Sources */,
				079C6B141392040200528E69 /* DungaRadarAppDelegate.m in Sources */,
				075634CB147CA4790090BFE9 /* ConfigurationViewController.m in Sources */,
				075634D0147CA48E0090BFE9 /* MIMViewController.m in Sources */,
				075634D5147CA49B0090BFE9 /* SpotViewController.m in Sources */,
				075634DA147CA4D40090BFE9 /* DungaMember.m in Sources */,
				075634DB147CA4D40090BFE9 /* HttpConnection.m in Sources */,
				075634E2147CA4DE0090BFE9 /* ArrayExtention.m in Sources */,
				075634E3147CA4DE0090BFE9 /* DictionaryExtention.m in Sources */,
				075634E4147CA4DE0090BFE9 /* EncryptExtention.m in Sources */,
				075634E9147CA4E80090BFE9 /* MapViewController.m in Sources */,
			);
			runOnlyForDeploymentPostprocessing = 0;
		};
/* End PBXSourcesBuildPhase section */

/* Begin PBXVariantGroup section */
		079C6B0C1392040200528E69 /* InfoPlist.strings */ = {
			isa = PBXVariantGroup;
			children = (
				079C6B0D1392040200528E69 /* en */,
			);
			name = InfoPlist.strings;
			sourceTree = "<group>";
		};
		079C6B151392040200528E69 /* MainWindow.xib */ = {
			isa = PBXVariantGroup;
			children = (
				079C6B161392040200528E69 /* en */,
			);
			name = MainWindow.xib;
			sourceTree = "<group>";
		};
/* End PBXVariantGroup section */

/* Begin XCBuildConfiguration section */
		079C6B241392040200528E69 /* Debug */ = {
			isa = XCBuildConfiguration;
			buildSettings = {
				ARCHS = "$(ARCHS_STANDARD_32_BIT)";
				CODE_SIGN_IDENTITY = "iPhone Developer: Kohki Miki (3YM67K3AKM)";
				"CODE_SIGN_IDENTITY[sdk=iphoneos*]" = "iPhone Developer";
				GCC_C_LANGUAGE_STANDARD = gnu99;
				GCC_OPTIMIZATION_LEVEL = 0;
				GCC_PREPROCESSOR_DEFINITIONS = DEBUG;
				GCC_SYMBOLS_PRIVATE_EXTERN = NO;
				GCC_VERSION = com.apple.compilers.llvmgcc42;
				GCC_WARN_ABOUT_RETURN_TYPE = YES;
				GCC_WARN_UNUSED_VARIABLE = YES;
				IPHONEOS_DEPLOYMENT_TARGET = 4.3;
				PROVISIONING_PROFILE = "DFA389E4-74A7-45BB-8C87-62ACF244036B";
				SDKROOT = iphoneos;
			};
			name = Debug;
		};
		079C6B251392040200528E69 /* Release */ = {
			isa = XCBuildConfiguration;
			buildSettings = {
				ARCHS = "$(ARCHS_STANDARD_32_BIT)";
				"CODE_SIGN_IDENTITY[sdk=iphoneos*]" = "iPhone Developer";
				GCC_C_LANGUAGE_STANDARD = gnu99;
				GCC_VERSION = com.apple.compilers.llvmgcc42;
				GCC_WARN_ABOUT_RETURN_TYPE = YES;
				GCC_WARN_UNUSED_VARIABLE = YES;
				IPHONEOS_DEPLOYMENT_TARGET = 4.3;
				OTHER_CFLAGS = "-DNS_BLOCK_ASSERTIONS=1";
				SDKROOT = iphoneos;
			};
			name = Release;
		};
		079C6B271392040200528E69 /* Debug */ = {
			isa = XCBuildConfiguration;
			buildSettings = {
				ALWAYS_SEARCH_USER_PATHS = NO;
				COPY_PHASE_STRIP = NO;
				GCC_DYNAMIC_NO_PIC = NO;
				GCC_PRECOMPILE_PREFIX_HEADER = YES;
				GCC_PREFIX_HEADER = "DungaRadar/DungaRadar-Prefix.pch";
				INFOPLIST_FILE = "DungaRadar/DungaRadar-Info.plist";
				PRODUCT_NAME = "$(TARGET_NAME)";
				WRAPPER_EXTENSION = app;
			};
			name = Debug;
		};
		079C6B281392040200528E69 /* Release */ = {
			isa = XCBuildConfiguration;
			buildSettings = {
				ALWAYS_SEARCH_USER_PATHS = NO;
				COPY_PHASE_STRIP = YES;
				GCC_PRECOMPILE_PREFIX_HEADER = YES;
				GCC_PREFIX_HEADER = "DungaRadar/DungaRadar-Prefix.pch";
				INFOPLIST_FILE = "DungaRadar/DungaRadar-Info.plist";
				PRODUCT_NAME = "$(TARGET_NAME)";
				VALIDATE_PRODUCT = YES;
				WRAPPER_EXTENSION = app;
			};
			name = Release;
		};
/* End XCBuildConfiguration section */

/* Begin XCConfigurationList section */
		079C6AF91392040100528E69 /* Build configuration list for PBXProject "DungaRadar" */ = {
			isa = XCConfigurationList;
			buildConfigurations = (
				079C6B241392040200528E69 /* Debug */,
				079C6B251392040200528E69 /* Release */,
			);
			defaultConfigurationIsVisible = 0;
			defaultConfigurationName = Release;
		};
		079C6B261392040200528E69 /* Build configuration list for PBXNativeTarget "DungaRadar" */ = {
			isa = XCConfigurationList;
			buildConfigurations = (
				079C6B271392040200528E69 /* Debug */,
				079C6B281392040200528E69 /* Release */,
			);
			defaultConfigurationIsVisible = 0;
			defaultConfigurationName = Release;
		};
/* End XCConfigurationList section */
	};
	rootObject = 079C6AF61392040100528E69 /* Project object */;
}
